
Microsoft Visual Studio Solution File, Format Version 12.00
# Visual Studio Version 16
VisualStudioVersion = 16.0.31515.178
MinimumVisualStudioVersion = 10.0.40219.1
Project("{FAE04EC0-301F-11D3-BF4B-00C04F79EFBC}") = "ytdl-gui", "ytdl-gui\ytdl-gui.csproj", "{09F84B11-0A9F-4742-9789-887415E88BA9}"
EndProject
Global
	GlobalSection(SolutionConfigurationPlatforms) = preSolution
		Debug|ARM = Debug|ARM
		Debug|ARM64 = Debug|ARM64
		Debug|x64 = Debug|x64
		Debug|x86 = Debug|x86
		Release|ARM = Release|ARM
		Release|ARM64 = Release|ARM64
		Release|x64 = Release|x64
		Release|x86 = Release|x86
	EndGlobalSection
	GlobalSection(ProjectConfigurationPlatforms) = postSolution
		{09F84B11-0A9F-4742-9789-887415E88BA9}.Debug|ARM.ActiveCfg = Debug|ARM
		{09F84B11-0A9F-4742-9789-887415E88BA9}.Debug|ARM.Build.0 = Debug|ARM
		{09F84B11-0A9F-4742-9789-887415E88BA9}.Debug|ARM.Deploy.0 = Debug|ARM
		{09F84B11-0A9F-4742-9789-887415E88BA9}.Debug|ARM64.ActiveCfg = Debug|ARM64
		{09F84B11-0A9F-4742-9789-887415E88BA9}.Debug|ARM64.Build.0 = Debug|ARM64
		{09F84B11-0A9F-4742-9789-887415E88BA9}.Debug|ARM64.Deploy.0 = Debug|ARM64
		{09F84B11-0A9F-4742-9789-887415E88BA9}.Debug|x64.ActiveCfg = Debug|x64
		{09F84B11-0A9F-4742-9789-887415E88BA9}.Debug|x64.Build.0 = Debug|x64
		{09F84B11-0A9F-4742-9789-887415E88BA9}.Debug|x64.Deploy.0 = Debug|x64
		{09F84B11-0A9F-4742-9789-887415E88BA9}.Debug|x86.ActiveCfg = Debug|x86
		{09F84B11-0A9F-4742-9789-887415E88BA9}.Debug|x86.Build.0 = Debug|x86
		{09F84B11-0A9F-4742-9789-887415E88BA9}.Debug|x86.Deploy.0 = Debug|x86
		{09F84B11-0A9F-4742-9789-887415E88BA9}.Release|ARM.ActiveCfg = Release|ARM
		{09F84B11-0A9F-4742-9789-887415E88BA9}.Release|ARM.Build.0 = Release|ARM
		{09F84B11-0A9F-4742-9789-887415E88BA9}.Release|ARM.Deploy.0 = Release|ARM
		{09F84B11-0A9F-4742-9789-887415E88BA9}.Release|ARM64.ActiveCfg = Release|ARM64
		{09F84B11-0A9F-4742-9789-887415E88BA9}.Release|ARM64.Build.0 = Release|ARM64
		{09F84B11-0A9F-4742-9789-887415E88BA9}.Release|ARM64.Deploy.0 = Release|ARM64
		{09F84B11-0A9F-4742-9789-887415E88BA9}.Release|x64.ActiveCfg = Release|x64
		{09F84B11-0A9F-4742-9789-887415E88BA9}.Release|x64.Build.0 = Release|x64
		{09F84B11-0A9F-4742-9789-887415E88BA9}.Release|x64.Deploy.0 = Release|x64
		{09F84B11-0A9F-4742-9789-887415E88BA9}.Release|x86.ActiveCfg = Release|x86
		{09F84B11-0A9F-4742-9789-887415E88BA9}.Release|x86.Build.0 = Release|x86
		{09F84B11-0A9F-4742-9789-887415E88BA9}.Release|x86.Deploy.0 = Release|x86
	EndGlobalSection
	GlobalSection(SolutionProperties) = preSolution
		HideSolutionNode = FALSE
	EndGlobalSection
	GlobalSection(ExtensibilityGlobals) = postSolution
		SolutionGuid = {F9C361A0-8F58-474C-A789-3BE621087D51}
	EndGlobalSection
EndGlobal
